// !$*UTF8*$!
{
	archiveVersion = 1;
	classes = {
	};
	objectVersion = 50;
	objects = {

/* Begin PBXBuildFile section */
		3F00889923F88ED5007B7BC0 /* DrawUnitsView.swift in Sources */ = {isa = PBXBuildFile; fileRef = 3F00889823F88ED5007B7BC0 /* DrawUnitsView.swift */; };
		3F00952123F510EE00E34EB3 /* TempView.swift in Sources */ = {isa = PBXBuildFile; fileRef = 3F00952023F510EE00E34EB3 /* TempView.swift */; };
		3F0D7EB623AAB046001EA1FC /* PopoverView.swift in Sources */ = {isa = PBXBuildFile; fileRef = 3F0D7EB523AAB046001EA1FC /* PopoverView.swift */; };
		3F0FB7B1237530B600046059 /* StringView.swift in Sources */ = {isa = PBXBuildFile; fileRef = 3F0FB7B0237530B600046059 /* StringView.swift */; };
		3F2745DF239A1C6A00B52B44 /* Styles.swift in Sources */ = {isa = PBXBuildFile; fileRef = 3F2745DE239A1C6A00B52B44 /* Styles.swift */; };
		3F330770234D7AA100B883A4 /* PickerView.swift in Sources */ = {isa = PBXBuildFile; fileRef = 3F33076F234D7AA100B883A4 /* PickerView.swift */; };
		3F330772234D7D0100B883A4 /* ModalView.swift in Sources */ = {isa = PBXBuildFile; fileRef = 3F330771234D7D0100B883A4 /* ModalView.swift */; };
		3F330774234D7DFB00B883A4 /* ActionSheetView.swift in Sources */ = {isa = PBXBuildFile; fileRef = 3F330773234D7DFB00B883A4 /* ActionSheetView.swift */; };
		3F330781235158F800B883A4 /* DrawingView.swift in Sources */ = {isa = PBXBuildFile; fileRef = 3F330780235158F800B883A4 /* DrawingView.swift */; };
		3F33078F2355827900B883A4 /* AnimationView.swift in Sources */ = {isa = PBXBuildFile; fileRef = 3F33078E2355827900B883A4 /* AnimationView.swift */; };
		3F585D8723BDCB32009ED38F /* LoadingView.swift in Sources */ = {isa = PBXBuildFile; fileRef = 3F585D8623BDCB32009ED38F /* LoadingView.swift */; };
		3F585D8923BEB134009ED38F /* CirclesView.swift in Sources */ = {isa = PBXBuildFile; fileRef = 3F585D8823BEB134009ED38F /* CirclesView.swift */; };
		3F585D8B23BEF5F0009ED38F /* SpirographView.swift in Sources */ = {isa = PBXBuildFile; fileRef = 3F585D8A23BEF5F0009ED38F /* SpirographView.swift */; };
		3F78203823F7A9F900A1FC86 /* CubesView.swift in Sources */ = {isa = PBXBuildFile; fileRef = 3F78203723F7A9F900A1FC86 /* CubesView.swift */; };
		3F82164F23FEFD86005B8ED5 /* SliderView.swift in Sources */ = {isa = PBXBuildFile; fileRef = 3F82164E23FEFD86005B8ED5 /* SliderView.swift */; };
		3F8D9C1F23AEF2EA0053E73D /* NotificationsView.swift in Sources */ = {isa = PBXBuildFile; fileRef = 3F8D9C1E23AEF2EA0053E73D /* NotificationsView.swift */; };
		3F8D9C2323B076540053E73D /* InvoiceView.swift in Sources */ = {isa = PBXBuildFile; fileRef = 3F8D9C2223B076540053E73D /* InvoiceView.swift */; };
		3F931C4E2398D49700323F39 /* EnvironmentObjectView.swift in Sources */ = {isa = PBXBuildFile; fileRef = 3F931C4D2398D49700323F39 /* EnvironmentObjectView.swift */; };
		3F931C502398D4AE00323F39 /* StateVariableView.swift in Sources */ = {isa = PBXBuildFile; fileRef = 3F931C4F2398D4AE00323F39 /* StateVariableView.swift */; };
		3F931C522398D4BC00323F39 /* ToggleView.swift in Sources */ = {isa = PBXBuildFile; fileRef = 3F931C512398D4BC00323F39 /* ToggleView.swift */; };
		3F931C542398D4C900323F39 /* BackgroundColorView.swift in Sources */ = {isa = PBXBuildFile; fileRef = 3F931C532398D4C900323F39 /* BackgroundColorView.swift */; };
		3F931C562398D6C600323F39 /* BindingView.swift in Sources */ = {isa = PBXBuildFile; fileRef = 3F931C552398D6C600323F39 /* BindingView.swift */; };
		3F931C582398E1CE00323F39 /* FormView.swift in Sources */ = {isa = PBXBuildFile; fileRef = 3F931C572398E1CE00323F39 /* FormView.swift */; };
		3FAA75072385F9D90003A863 /* TestView.swift in Sources */ = {isa = PBXBuildFile; fileRef = 3FAA75062385F9D90003A863 /* TestView.swift */; };
		3FBEB013233D359300818B70 /* AppDelegate.swift in Sources */ = {isa = PBXBuildFile; fileRef = 3FBEB012233D359300818B70 /* AppDelegate.swift */; };
		3FBEB015233D359300818B70 /* SceneDelegate.swift in Sources */ = {isa = PBXBuildFile; fileRef = 3FBEB014233D359300818B70 /* SceneDelegate.swift */; };
		3FBEB017233D359300818B70 /* MenuView.swift in Sources */ = {isa = PBXBuildFile; fileRef = 3FBEB016233D359300818B70 /* MenuView.swift */; };
		3FBEB019233D359700818B70 /* Assets.xcassets in Resources */ = {isa = PBXBuildFile; fileRef = 3FBEB018233D359700818B70 /* Assets.xcassets */; };
		3FBEB01C233D359700818B70 /* Preview Assets.xcassets in Resources */ = {isa = PBXBuildFile; fileRef = 3FBEB01B233D359700818B70 /* Preview Assets.xcassets */; };
		3FBEB01F233D359700818B70 /* LaunchScreen.storyboard in Resources */ = {isa = PBXBuildFile; fileRef = 3FBEB01D233D359700818B70 /* LaunchScreen.storyboard */; };
		3FE326BC23E0C4A40004728A /* DateView.swift in Sources */ = {isa = PBXBuildFile; fileRef = 3FE326BB23E0C4A40004728A /* DateView.swift */; };
		3FEECA2723BF150A00E7032B /* ButtonsView.swift in Sources */ = {isa = PBXBuildFile; fileRef = 3FEECA2623BF150A00E7032B /* ButtonsView.swift */; };
/* End PBXBuildFile section */

/* Begin PBXFileReference section */
		3F00889823F88ED5007B7BC0 /* DrawUnitsView.swift */ = {isa = PBXFileReference; lastKnownFileType = sourcecode.swift; path = DrawUnitsView.swift; sourceTree = "<group>"; };
		3F00952023F510EE00E34EB3 /* TempView.swift */ = {isa = PBXFileReference; lastKnownFileType = sourcecode.swift; path = TempView.swift; sourceTree = "<group>"; };
		3F0D7EB523AAB046001EA1FC /* PopoverView.swift */ = {isa = PBXFileReference; lastKnownFileType = sourcecode.swift; path = PopoverView.swift; sourceTree = "<group>"; };
		3F0FB7B0237530B600046059 /* StringView.swift */ = {isa = PBXFileReference; lastKnownFileType = sourcecode.swift; path = StringView.swift; sourceTree = "<group>"; };
		3F2745DE239A1C6A00B52B44 /* Styles.swift */ = {isa = PBXFileReference; lastKnownFileType = sourcecode.swift; path = Styles.swift; sourceTree = "<group>"; };
		3F33076F234D7AA100B883A4 /* PickerView.swift */ = {isa = PBXFileReference; lastKnownFileType = sourcecode.swift; path = PickerView.swift; sourceTree = "<group>"; };
		3F330771234D7D0100B883A4 /* ModalView.swift */ = {isa = PBXFileReference; lastKnownFileType = sourcecode.swift; path = ModalView.swift; sourceTree = "<group>"; };
		3F330773234D7DFB00B883A4 /* ActionSheetView.swift */ = {isa = PBXFileReference; lastKnownFileType = sourcecode.swift; path = ActionSheetView.swift; sourceTree = "<group>"; };
		3F330780235158F800B883A4 /* DrawingView.swift */ = {isa = PBXFileReference; lastKnownFileType = sourcecode.swift; path = DrawingView.swift; sourceTree = "<group>"; };
		3F33078E2355827900B883A4 /* AnimationView.swift */ = {isa = PBXFileReference; lastKnownFileType = sourcecode.swift; path = AnimationView.swift; sourceTree = "<group>"; };
		3F585D8623BDCB32009ED38F /* LoadingView.swift */ = {isa = PBXFileReference; lastKnownFileType = sourcecode.swift; path = LoadingView.swift; sourceTree = "<group>"; };
		3F585D8823BEB134009ED38F /* CirclesView.swift */ = {isa = PBXFileReference; lastKnownFileType = sourcecode.swift; path = CirclesView.swift; sourceTree = "<group>"; };
		3F585D8A23BEF5F0009ED38F /* SpirographView.swift */ = {isa = PBXFileReference; lastKnownFileType = sourcecode.swift; path = SpirographView.swift; sourceTree = "<group>"; };
		3F78203723F7A9F900A1FC86 /* CubesView.swift */ = {isa = PBXFileReference; lastKnownFileType = sourcecode.swift; path = CubesView.swift; sourceTree = "<group>"; };
		3F82164E23FEFD86005B8ED5 /* SliderView.swift */ = {isa = PBXFileReference; lastKnownFileType = sourcecode.swift; path = SliderView.swift; sourceTree = "<group>"; };
		3F8D9C1E23AEF2EA0053E73D /* NotificationsView.swift */ = {isa = PBXFileReference; lastKnownFileType = sourcecode.swift; path = NotificationsView.swift; sourceTree = "<group>"; };
		3F8D9C2223B076540053E73D /* InvoiceView.swift */ = {isa = PBXFileReference; lastKnownFileType = sourcecode.swift; path = InvoiceView.swift; sourceTree = "<group>"; };
		3F931C4D2398D49700323F39 /* EnvironmentObjectView.swift */ = {isa = PBXFileReference; lastKnownFileType = sourcecode.swift; path = EnvironmentObjectView.swift; sourceTree = "<group>"; };
		3F931C4F2398D4AE00323F39 /* StateVariableView.swift */ = {isa = PBXFileReference; lastKnownFileType = sourcecode.swift; path = StateVariableView.swift; sourceTree = "<group>"; };
		3F931C512398D4BC00323F39 /* ToggleView.swift */ = {isa = PBXFileReference; lastKnownFileType = sourcecode.swift; path = ToggleView.swift; sourceTree = "<group>"; };
		3F931C532398D4C900323F39 /* BackgroundColorView.swift */ = {isa = PBXFileReference; lastKnownFileType = sourcecode.swift; path = BackgroundColorView.swift; sourceTree = "<group>"; };
		3F931C552398D6C600323F39 /* BindingView.swift */ = {isa = PBXFileReference; lastKnownFileType = sourcecode.swift; path = BindingView.swift; sourceTree = "<group>"; };
		3F931C572398E1CE00323F39 /* FormView.swift */ = {isa = PBXFileReference; lastKnownFileType = sourcecode.swift; path = FormView.swift; sourceTree = "<group>"; };
		3FAA75062385F9D90003A863 /* TestView.swift */ = {isa = PBXFileReference; lastKnownFileType = sourcecode.swift; path = TestView.swift; sourceTree = "<group>"; };
		3FBEB00F233D359300818B70 /* SwiftUI Examples.app */ = {isa = PBXFileReference; explicitFileType = wrapper.application; includeInIndex = 0; path = "SwiftUI Examples.app"; sourceTree = BUILT_PRODUCTS_DIR; };
		3FBEB012233D359300818B70 /* AppDelegate.swift */ = {isa = PBXFileReference; lastKnownFileType = sourcecode.swift; path = AppDelegate.swift; sourceTree = "<group>"; };
		3FBEB014233D359300818B70 /* SceneDelegate.swift */ = {isa = PBXFileReference; lastKnownFileType = sourcecode.swift; path = SceneDelegate.swift; sourceTree = "<group>"; };
		3FBEB016233D359300818B70 /* MenuView.swift */ = {isa = PBXFileReference; lastKnownFileType = sourcecode.swift; path = MenuView.swift; sourceTree = "<group>"; };
		3FBEB018233D359700818B70 /* Assets.xcassets */ = {isa = PBXFileReference; lastKnownFileType = folder.assetcatalog; path = Assets.xcassets; sourceTree = "<group>"; };
		3FBEB01B233D359700818B70 /* Preview Assets.xcassets */ = {isa = PBXFileReference; lastKnownFileType = folder.assetcatalog; path = "Preview Assets.xcassets"; sourceTree = "<group>"; };
		3FBEB01E233D359700818B70 /* Base */ = {isa = PBXFileReference; lastKnownFileType = file.storyboard; name = Base; path = Base.lproj/LaunchScreen.storyboard; sourceTree = "<group>"; };
		3FBEB020233D359700818B70 /* Info.plist */ = {isa = PBXFileReference; lastKnownFileType = text.plist.xml; path = Info.plist; sourceTree = "<group>"; };
		3FE326BB23E0C4A40004728A /* DateView.swift */ = {isa = PBXFileReference; lastKnownFileType = sourcecode.swift; path = DateView.swift; sourceTree = "<group>"; };
		3FEECA2623BF150A00E7032B /* ButtonsView.swift */ = {isa = PBXFileReference; lastKnownFileType = sourcecode.swift; path = ButtonsView.swift; sourceTree = "<group>"; };
/* End PBXFileReference section */

/* Begin PBXFrameworksBuildPhase section */
		3FBEB00C233D359300818B70 /* Frameworks */ = {
			isa = PBXFrameworksBuildPhase;
			buildActionMask = 2147483647;
			files = (
			);
			runOnlyForDeploymentPostprocessing = 0;
		};
/* End PBXFrameworksBuildPhase section */

/* Begin PBXGroup section */
		3F00889A23F88EEB007B7BC0 /* Drawings */ = {
			isa = PBXGroup;
			children = (
				3F330780235158F800B883A4 /* DrawingView.swift */,
				3F78203723F7A9F900A1FC86 /* CubesView.swift */,
				3F585D8823BEB134009ED38F /* CirclesView.swift */,
				3F585D8A23BEF5F0009ED38F /* SpirographView.swift */,
				3F00889823F88ED5007B7BC0 /* DrawUnitsView.swift */,
			);
			path = Drawings;
			sourceTree = "<group>";
		};
		3F931C4C2398D28700323F39 /* VIews */ = {
			isa = PBXGroup;
			children = (
				3FBEB016233D359300818B70 /* MenuView.swift */,
				3FEECA2623BF150A00E7032B /* ButtonsView.swift */,
				3FAA75062385F9D90003A863 /* TestView.swift */,
				3F82164E23FEFD86005B8ED5 /* SliderView.swift */,
				3F33076F234D7AA100B883A4 /* PickerView.swift */,
				3F931C512398D4BC00323F39 /* ToggleView.swift */,
				3F0FB7B0237530B600046059 /* StringView.swift */,
				3F330771234D7D0100B883A4 /* ModalView.swift */,
				3F8D9C1E23AEF2EA0053E73D /* NotificationsView.swift */,
				3F0D7EB523AAB046001EA1FC /* PopoverView.swift */,
				3F33078E2355827900B883A4 /* AnimationView.swift */,
				3F00889A23F88EEB007B7BC0 /* Drawings */,
				3F00952023F510EE00E34EB3 /* TempView.swift */,
				3F585D8623BDCB32009ED38F /* LoadingView.swift */,
				3F330773234D7DFB00B883A4 /* ActionSheetView.swift */,
				3F931C4F2398D4AE00323F39 /* StateVariableView.swift */,
				3F931C4D2398D49700323F39 /* EnvironmentObjectView.swift */,
				3FE326BB23E0C4A40004728A /* DateView.swift */,
				3F8D9C2223B076540053E73D /* InvoiceView.swift */,
				3F931C552398D6C600323F39 /* BindingView.swift */,
				3F931C532398D4C900323F39 /* BackgroundColorView.swift */,
				3F931C572398E1CE00323F39 /* FormView.swift */,
				3F2745DE239A1C6A00B52B44 /* Styles.swift */,
			);
			path = VIews;
			sourceTree = "<group>";
		};
		3FBEB006233D359200818B70 = {
			isa = PBXGroup;
			children = (
				3FBEB011233D359300818B70 /* SwiftUI Examples */,
				3FBEB010233D359300818B70 /* Products */,
			);
			sourceTree = "<group>";
		};
		3FBEB010233D359300818B70 /* Products */ = {
			isa = PBXGroup;
			children = (
				3FBEB00F233D359300818B70 /* SwiftUI Examples.app */,
			);
			name = Products;
			sourceTree = "<group>";
		};
		3FBEB011233D359300818B70 /* SwiftUI Examples */ = {
			isa = PBXGroup;
			children = (
				3FBEB012233D359300818B70 /* AppDelegate.swift */,
				3FBEB014233D359300818B70 /* SceneDelegate.swift */,
				3F931C4C2398D28700323F39 /* VIews */,
				3FBEB018233D359700818B70 /* Assets.xcassets */,
				3FBEB01D233D359700818B70 /* LaunchScreen.storyboard */,
				3FBEB020233D359700818B70 /* Info.plist */,
				3FBEB01A233D359700818B70 /* Preview Content */,
			);
			path = "SwiftUI Examples";
			sourceTree = "<group>";
		};
		3FBEB01A233D359700818B70 /* Preview Content */ = {
			isa = PBXGroup;
			children = (
				3FBEB01B233D359700818B70 /* Preview Assets.xcassets */,
			);
			path = "Preview Content";
			sourceTree = "<group>";
		};
/* End PBXGroup section */

/* Begin PBXNativeTarget section */
		3FBEB00E233D359300818B70 /* SwiftUI Examples */ = {
			isa = PBXNativeTarget;
			buildConfigurationList = 3FBEB023233D359700818B70 /* Build configuration list for PBXNativeTarget "SwiftUI Examples" */;
			buildPhases = (
				3FBEB00B233D359300818B70 /* Sources */,
				3FBEB00C233D359300818B70 /* Frameworks */,
				3FBEB00D233D359300818B70 /* Resources */,
			);
			buildRules = (
			);
			dependencies = (
			);
			name = "SwiftUI Examples";
			productName = Test;
			productReference = 3FBEB00F233D359300818B70 /* SwiftUI Examples.app */;
			productType = "com.apple.product-type.application";
		};
/* End PBXNativeTarget section */

/* Begin PBXProject section */
		3FBEB007233D359200818B70 /* Project object */ = {
			isa = PBXProject;
			attributes = {
				LastSwiftUpdateCheck = 1100;
				LastUpgradeCheck = 1100;
				ORGANIZATIONNAME = "Ryan Off";
				TargetAttributes = {
					3FBEB00E233D359300818B70 = {
						CreatedOnToolsVersion = 11.0;
					};
				};
			};
			buildConfigurationList = 3FBEB00A233D359200818B70 /* Build configuration list for PBXProject "SwiftUI Examples" */;
			compatibilityVersion = "Xcode 9.3";
			developmentRegion = en;
			hasScannedForEncodings = 0;
			knownRegions = (
				en,
				Base,
			);
			mainGroup = 3FBEB006233D359200818B70;
			productRefGroup = 3FBEB010233D359300818B70 /* Products */;
			projectDirPath = "";
			projectRoot = "";
			targets = (
				3FBEB00E233D359300818B70 /* SwiftUI Examples */,
			);
		};
/* End PBXProject section */

/* Begin PBXResourcesBuildPhase section */
		3FBEB00D233D359300818B70 /* Resources */ = {
			isa = PBXResourcesBuildPhase;
			buildActionMask = 2147483647;
			files = (
				3FBEB01F233D359700818B70 /* LaunchScreen.storyboard in Resources */,
				3FBEB01C233D359700818B70 /* Preview Assets.xcassets in Resources */,
				3FBEB019233D359700818B70 /* Assets.xcassets in Resources */,
			);
			runOnlyForDeploymentPostprocessing = 0;
		};
/* End PBXResourcesBuildPhase section */

/* Begin PBXSourcesBuildPhase section */
		3FBEB00B233D359300818B70 /* Sources */ = {
			isa = PBXSourcesBuildPhase;
			buildActionMask = 2147483647;
			files = (
				3FE326BC23E0C4A40004728A /* DateView.swift in Sources */,
				3F931C502398D4AE00323F39 /* StateVariableView.swift in Sources */,
				3F330770234D7AA100B883A4 /* PickerView.swift in Sources */,
				3F931C562398D6C600323F39 /* BindingView.swift in Sources */,
				3F0FB7B1237530B600046059 /* StringView.swift in Sources */,
				3F585D8923BEB134009ED38F /* CirclesView.swift in Sources */,
				3F00952123F510EE00E34EB3 /* TempView.swift in Sources */,
				3F82164F23FEFD86005B8ED5 /* SliderView.swift in Sources */,
				3F8D9C2323B076540053E73D /* InvoiceView.swift in Sources */,
				3FEECA2723BF150A00E7032B /* ButtonsView.swift in Sources */,
				3F585D8723BDCB32009ED38F /* LoadingView.swift in Sources */,
				3F00889923F88ED5007B7BC0 /* DrawUnitsView.swift in Sources */,
				3F33078F2355827900B883A4 /* AnimationView.swift in Sources */,
				3F8D9C1F23AEF2EA0053E73D /* NotificationsView.swift in Sources */,
				3F330781235158F800B883A4 /* DrawingView.swift in Sources */,
				3F931C4E2398D49700323F39 /* EnvironmentObjectView.swift in Sources */,
				3FBEB013233D359300818B70 /* AppDelegate.swift in Sources */,
				3F931C582398E1CE00323F39 /* FormView.swift in Sources */,
				3F78203823F7A9F900A1FC86 /* CubesView.swift in Sources */,
				3F0D7EB623AAB046001EA1FC /* PopoverView.swift in Sources */,
				3FBEB015233D359300818B70 /* SceneDelegate.swift in Sources */,
				3F585D8B23BEF5F0009ED38F /* SpirographView.swift in Sources */,
				3FAA75072385F9D90003A863 /* TestView.swift in Sources */,
				3FBEB017233D359300818B70 /* MenuView.swift in Sources */,
				3F2745DF239A1C6A00B52B44 /* Styles.swift in Sources */,
				3F330774234D7DFB00B883A4 /* ActionSheetView.swift in Sources */,
				3F330772234D7D0100B883A4 /* ModalView.swift in Sources */,
				3F931C542398D4C900323F39 /* BackgroundColorView.swift in Sources */,
				3F931C522398D4BC00323F39 /* ToggleView.swift in Sources */,
			);
			runOnlyForDeploymentPostprocessing = 0;
		};
/* End PBXSourcesBuildPhase section */

/* Begin PBXVariantGroup section */
		3FBEB01D233D359700818B70 /* LaunchScreen.storyboard */ = {
			isa = PBXVariantGroup;
			children = (
				3FBEB01E233D359700818B70 /* Base */,
			);
			name = LaunchScreen.storyboard;
			sourceTree = "<group>";
		};
/* End PBXVariantGroup section */

/* Begin XCBuildConfiguration section */
		3FBEB021233D359700818B70 /* Debug */ = {
			isa = XCBuildConfiguration;
			buildSettings = {
				ALWAYS_SEARCH_USER_PATHS = NO;
				CLANG_ANALYZER_NONNULL = YES;
				CLANG_ANALYZER_NUMBER_OBJECT_CONVERSION = YES_AGGRESSIVE;
				CLANG_CXX_LANGUAGE_STANDARD = "gnu++14";
				CLANG_CXX_LIBRARY = "libc++";
				CLANG_ENABLE_MODULES = YES;
				CLANG_ENABLE_OBJC_ARC = YES;
				CLANG_ENABLE_OBJC_WEAK = YES;
				CLANG_WARN_BLOCK_CAPTURE_AUTORELEASING = YES;
				CLANG_WARN_BOOL_CONVERSION = YES;
				CLANG_WARN_COMMA = YES;
				CLANG_WARN_CONSTANT_CONVERSION = YES;
				CLANG_WARN_DEPRECATED_OBJC_IMPLEMENTATIONS = YES;
				CLANG_WARN_DIRECT_OBJC_ISA_USAGE = YES_ERROR;
				CLANG_WARN_DOCUMENTATION_COMMENTS = YES;
				CLANG_WARN_EMPTY_BODY = YES;
				CLANG_WARN_ENUM_CONVERSION = YES;
				CLANG_WARN_INFINITE_RECURSION = YES;
				CLANG_WARN_INT_CONVERSION = YES;
				CLANG_WARN_NON_LITERAL_NULL_CONVERSION = YES;
				CLANG_WARN_OBJC_IMPLICIT_RETAIN_SELF = YES;
				CLANG_WARN_OBJC_LITERAL_CONVERSION = YES;
				CLANG_WARN_OBJC_ROOT_CLASS = YES_ERROR;
				CLANG_WARN_RANGE_LOOP_ANALYSIS = YES;
				CLANG_WARN_STRICT_PROTOTYPES = YES;
				CLANG_WARN_SUSPICIOUS_MOVE = YES;
				CLANG_WARN_UNGUARDED_AVAILABILITY = YES_AGGRESSIVE;
				CLANG_WARN_UNREACHABLE_CODE = YES;
				CLANG_WARN__DUPLICATE_METHOD_MATCH = YES;
				COPY_PHASE_STRIP = NO;
				DEBUG_INFORMATION_FORMAT = dwarf;
				ENABLE_STRICT_OBJC_MSGSEND = YES;
				ENABLE_TESTABILITY = YES;
				GCC_C_LANGUAGE_STANDARD = gnu11;
				GCC_DYNAMIC_NO_PIC = NO;
				GCC_NO_COMMON_BLOCKS = YES;
				GCC_OPTIMIZATION_LEVEL = 0;
				GCC_PREPROCESSOR_DEFINITIONS = (
					"DEBUG=1",
					"$(inherited)",
				);
				GCC_WARN_64_TO_32_BIT_CONVERSION = YES;
				GCC_WARN_ABOUT_RETURN_TYPE = YES_ERROR;
				GCC_WARN_UNDECLARED_SELECTOR = YES;
				GCC_WARN_UNINITIALIZED_AUTOS = YES_AGGRESSIVE;
				GCC_WARN_UNUSED_FUNCTION = YES;
				GCC_WARN_UNUSED_VARIABLE = YES;
				IPHONEOS_DEPLOYMENT_TARGET = 13.0;
				MTL_ENABLE_DEBUG_INFO = INCLUDE_SOURCE;
				MTL_FAST_MATH = YES;
				ONLY_ACTIVE_ARCH = YES;
				SDKROOT = iphoneos;
				SWIFT_ACTIVE_COMPILATION_CONDITIONS = DEBUG;
				SWIFT_OPTIMIZATION_LEVEL = "-Onone";
			};
			name = Debug;
		};
		3FBEB022233D359700818B70 /* Release */ = {
			isa = XCBuildConfiguration;
			buildSettings = {
				ALWAYS_SEARCH_USER_PATHS = NO;
				CLANG_ANALYZER_NONNULL = YES;
				CLANG_ANALYZER_NUMBER_OBJECT_CONVERSION = YES_AGGRESSIVE;
				CLANG_CXX_LANGUAGE_STANDARD = "gnu++14";
				CLANG_CXX_LIBRARY = "libc++";
				CLANG_ENABLE_MODULES = YES;
				CLANG_ENABLE_OBJC_ARC = YES;
				CLANG_ENABLE_OBJC_WEAK = YES;
				CLANG_WARN_BLOCK_CAPTURE_AUTORELEASING = YES;
				CLANG_WARN_BOOL_CONVERSION = YES;
				CLANG_WARN_COMMA = YES;
				CLANG_WARN_CONSTANT_CONVERSION = YES;
				CLANG_WARN_DEPRECATED_OBJC_IMPLEMENTATIONS = YES;
				CLANG_WARN_DIRECT_OBJC_ISA_USAGE = YES_ERROR;
				CLANG_WARN_DOCUMENTATION_COMMENTS = YES;
				CLANG_WARN_EMPTY_BODY = YES;
				CLANG_WARN_ENUM_CONVERSION = YES;
				CLANG_WARN_INFINITE_RECURSION = YES;
				CLANG_WARN_INT_CONVERSION = YES;
				CLANG_WARN_NON_LITERAL_NULL_CONVERSION = YES;
				CLANG_WARN_OBJC_IMPLICIT_RETAIN_SELF = YES;
				CLANG_WARN_OBJC_LITERAL_CONVERSION = YES;
				CLANG_WARN_OBJC_ROOT_CLASS = YES_ERROR;
				CLANG_WARN_RANGE_LOOP_ANALYSIS = YES;
				CLANG_WARN_STRICT_PROTOTYPES = YES;
				CLANG_WARN_SUSPICIOUS_MOVE = YES;
				CLANG_WARN_UNGUARDED_AVAILABILITY = YES_AGGRESSIVE;
				CLANG_WARN_UNREACHABLE_CODE = YES;
				CLANG_WARN__DUPLICATE_METHOD_MATCH = YES;
				COPY_PHASE_STRIP = NO;
				DEBUG_INFORMATION_FORMAT = "dwarf-with-dsym";
				ENABLE_NS_ASSERTIONS = NO;
				ENABLE_STRICT_OBJC_MSGSEND = YES;
				GCC_C_LANGUAGE_STANDARD = gnu11;
				GCC_NO_COMMON_BLOCKS = YES;
				GCC_WARN_64_TO_32_BIT_CONVERSION = YES;
				GCC_WARN_ABOUT_RETURN_TYPE = YES_ERROR;
				GCC_WARN_UNDECLARED_SELECTOR = YES;
				GCC_WARN_UNINITIALIZED_AUTOS = YES_AGGRESSIVE;
				GCC_WARN_UNUSED_FUNCTION = YES;
				GCC_WARN_UNUSED_VARIABLE = YES;
				IPHONEOS_DEPLOYMENT_TARGET = 13.0;
				MTL_ENABLE_DEBUG_INFO = NO;
				MTL_FAST_MATH = YES;
				SDKROOT = iphoneos;
				SWIFT_COMPILATION_MODE = wholemodule;
				SWIFT_OPTIMIZATION_LEVEL = "-O";
				VALIDATE_PRODUCT = YES;
			};
			name = Release;
		};
		3FBEB024233D359700818B70 /* Debug */ = {
			isa = XCBuildConfiguration;
			buildSettings = {
				ASSETCATALOG_COMPILER_APPICON_NAME = AppIcon;
				CODE_SIGN_STYLE = Automatic;
				DEVELOPMENT_ASSET_PATHS = "\"SwiftUI Examples/Preview Content\"";
				DEVELOPMENT_TEAM = 22DT555QCH;
				ENABLE_PREVIEWS = YES;
				INFOPLIST_FILE = "SwiftUI Examples/Info.plist";
				LD_RUNPATH_SEARCH_PATHS = (
					"$(inherited)",
					"@executable_path/Frameworks",
				);
				PRODUCT_BUNDLE_IDENTIFIER = "Golden-State-Storage.SwiftUIExamples";
				PRODUCT_NAME = "SwiftUI Examples";
				SWIFT_VERSION = 5.0;
				TARGETED_DEVICE_FAMILY = "1,2";
			};
			name = Debug;
		};
		3FBEB025233D359700818B70 /* Release */ = {
			isa = XCBuildConfiguration;
			buildSettings = {
				ASSETCATALOG_COMPILER_APPICON_NAME = AppIcon;
				CODE_SIGN_STYLE = Automatic;
				DEVELOPMENT_ASSET_PATHS = "\"SwiftUI Examples/Preview Content\"";
				DEVELOPMENT_TEAM = 22DT555QCH;
				ENABLE_PREVIEWS = YES;
				INFOPLIST_FILE = "SwiftUI Examples/Info.plist";
				LD_RUNPATH_SEARCH_PATHS = (
					"$(inherited)",
					"@executable_path/Frameworks",
				);
				PRODUCT_BUNDLE_IDENTIFIER = "Golden-State-Storage.SwiftUIExamples";
				PRODUCT_NAME = "SwiftUI Examples";
				SWIFT_VERSION = 5.0;
				TARGETED_DEVICE_FAMILY = "1,2";
			};
			name = Release;
		};
/* End XCBuildConfiguration section */

/* Begin XCConfigurationList section */
		3FBEB00A233D359200818B70 /* Build configuration list for PBXProject "SwiftUI Examples" */ = {
			isa = XCConfigurationList;
			buildConfigurations = (
				3FBEB021233D359700818B70 /* Debug */,
				3FBEB022233D359700818B70 /* Release */,
			);
			defaultConfigurationIsVisible = 0;
			defaultConfigurationName = Release;
		};
		3FBEB023233D359700818B70 /* Build configuration list for PBXNativeTarget "SwiftUI Examples" */ = {
			isa = XCConfigurationList;
			buildConfigurations = (
				3FBEB024233D359700818B70 /* Debug */,
				3FBEB025233D359700818B70 /* Release */,
			);
			defaultConfigurationIsVisible = 0;
			defaultConfigurationName = Release;
		};
/* End XCConfigurationList section */
	};
	rootObject = 3FBEB007233D359200818B70 /* Project object */;
}
